<?xml version="1.0" encoding="utf-8"?>
<Project ToolsVersion="4.0" xmlns="http://schemas.microsoft.com/developer/msbuild/2003">
  <ItemGroup>
    <Filter Include="Source Files">
      <UniqueIdentifier>{4FC737F1-C7A5-4376-A066-2A32D752A2FF}</UniqueIdentifier>
      <Extensions>cpp;c;cc;cxx;c++;cppm;ixx;def;odl;idl;hpj;bat;asm;asmx</Extensions>
    </Filter>
    <Filter Include="Header Files">
      <UniqueIdentifier>{93995380-89BD-4b04-88EB-625FBE52EBFB}</UniqueIdentifier>
      <Extensions>h;hh;hpp;hxx;h++;hm;inl;inc;ipp;xsd</Extensions>
    </Filter>
    <Filter Include="Resource Files">
      <UniqueIdentifier>{67DA6AB6-F800-4c08-8B7A-83BB121AAD01}</UniqueIdentifier>
      <Extensions>rc;ico;cur;bmp;dlg;rc2;rct;bin;rgs;gif;jpg;jpeg;jpe;resx;tiff;tif;png;wav;mfcribbon-ms</Extensions>
    </Filter>
    <Filter Include="Source Files\imgui">
      <UniqueIdentifier>{b9922c9a-b70e-4895-ada0-ba6c3286b497}</UniqueIdentifier>
    </Filter>
    <Filter Include="Header Files\imgui">
      <UniqueIdentifier>{2da9390c-971c-4e20-aec2-4f7708a3784d}</UniqueIdentifier>
    </Filter>
    <Filter Include="Source Files\miniaudio">
      <UniqueIdentifier>{12ab9204-e897-4392-a1ec-57021890331a}</UniqueIdentifier>
    </Filter>
    <Filter Include="Header Files\miniaudio">
      <UniqueIdentifier>{ecec44aa-faf0-48ca-9c83-fdc9a08fb0d6}</UniqueIdentifier>
    </Filter>
  </ItemGroup>
  <ItemGroup>
    <ClCompile Include="main.cpp">
      <Filter>Source Files</Filter>
    </ClCompile>
    <ClCompile Include="..\thirdparty\imgui-master\imgui.cpp">
      <Filter>Source Files\imgui</Filter>
    </ClCompile>
    <ClCompile Include="..\thirdparty\imgui-master\imgui_demo.cpp">
      <Filter>Source Files\imgui</Filter>
    </ClCompile>
    <ClCompile Include="..\thirdparty\imgui-master\imgui_draw.cpp">
      <Filter>Source Files\imgui</Filter>
    </ClCompile>
    <ClCompile Include="..\thirdparty\imgui-master\imgui_impl_glfw.cpp">
      <Filter>Source Files\imgui</Filter>
    </ClCompile>
    <ClCompile Include="..\thirdparty\imgui-master\imgui_impl_opengl3.cpp">
      <Filter>Source Files\imgui</Filter>
    </ClCompile>
    <ClCompile Include="..\thirdparty\imgui-master\imgui_tables.cpp">
      <Filter>Source Files\imgui</Filter>
    </ClCompile>
    <ClCompile Include="..\thirdparty\imgui-master\imgui_widgets.cpp">
      <Filter>Source Files\imgui</Filter>
    </ClCompile>
    <ClCompile Include="..\thirdparty\miniaudio-master\miniaudio.c">
      <Filter>Source Files\miniaudio</Filter>
    </ClCompile>
    <ClCompile Include="..\..\..\MeiMatrix (2) (1)\MeiMatrix\MeiMatrix\SoundManager.cpp">
      <Filter>Source Files</Filter>
    </ClCompile>
    <ClCompile Include="Shader.cpp">
      <Filter>Source Files</Filter>
    </ClCompile>
    <ClCompile Include="Texture.cpp">
      <Filter>Source Files</Filter>
    </ClCompile>
    <ClCompile Include="Camera.cpp">
      <Filter>Source Files</Filter>
    </ClCompile>
    <ClCompile Include="Mesh.cpp">
      <Filter>Source Files</Filter>
    </ClCompile>
  </ItemGroup>
  <ItemGroup>
    <ClInclude Include="Vector2.hpp">
      <Filter>Header Files</Filter>
    </ClInclude>
    <ClInclude Include="..\thirdparty\imgui-master\imconfig.h">
      <Filter>Header Files\imgui</Filter>
    </ClInclude>
    <ClInclude Include="..\thirdparty\imgui-master\imgui.h">
      <Filter>Header Files\imgui</Filter>
    </ClInclude>
    <ClInclude Include="..\thirdparty\imgui-master\imgui_impl_glfw.h">
      <Filter>Header Files\imgui</Filter>
    </ClInclude>
    <ClInclude Include="..\thirdparty\imgui-master\imgui_impl_opengl3.h">
      <Filter>Header Files\imgui</Filter>
    </ClInclude>
    <ClInclude Include="..\thirdparty\imgui-master\imgui_impl_opengl3_loader.h">
      <Filter>Header Files\imgui</Filter>
    </ClInclude>
    <ClInclude Include="..\thirdparty\imgui-master\imgui_internal.h">
      <Filter>Header Files\imgui</Filter>
    </ClInclude>
    <ClInclude Include="..\thirdparty\imgui-master\imstb_rectpack.h">
      <Filter>Header Files\imgui</Filter>
    </ClInclude>
    <ClInclude Include="..\thirdparty\imgui-master\imstb_textedit.h">
      <Filter>Header Files\imgui</Filter>
    </ClInclude>
    <ClInclude Include="..\thirdparty\imgui-master\imstb_truetype.h">
      <Filter>Header Files\imgui</Filter>
    </ClInclude>
    <ClInclude Include="..\..\..\..\Downloads\stb_image.h">
      <Filter>Header Files</Filter>
    </ClInclude>
    <ClInclude Include="..\thirdparty\miniaudio-master\miniaudio.h">
      <Filter>Header Files\miniaudio</Filter>
    </ClInclude>
    <ClInclude Include="SoundManager.hpp">
      <Filter>Header Files</Filter>
    </ClInclude>
    <ClInclude Include="Camera.hpp">
      <Filter>Header Files</Filter>
    </ClInclude>
    <ClInclude Include="Shader.hpp">
      <Filter>Header Files</Filter>
    </ClInclude>
    <ClInclude Include="Texture.hpp">
      <Filter>Header Files</Filter>
    </ClInclude>
    <ClInclude Include="Mesh.hpp">
      <Filter>Header Files</Filter>
    </ClInclude>
    <ClInclude Include="Component.hpp">
      <Filter>Header Files</Filter>
    </ClInclude>
    <ClInclude Include="TransformComponent.hpp">
      <Filter>Header Files</Filter>
    </ClInclude>
    <ClInclude Include="GameObject.hpp">
      <Filter>Header Files</Filter>
    </ClInclude>
  </ItemGroup>
</Project>